<?xml version="1.0" encoding="UTF-8" standalone="yes" ?>
<CodeBlocks_project_file>
	<FileVersion major="1" minor="6" />
	<Project>
		<Option title="tracker" />
		<Option pch_mode="2" />
		<Option compiler="gcc" />
		<Build>
			<Target title="Debug">
				<Option output="bin/Debug/tracker" prefix_auto="1" extension_auto="1" />
				<Option object_output="obj/Debug/" />
				<Option type="1" />
				<Option compiler="gcc" />
				<Compiler>
					<Add option="-g" />
				</Compiler>
			</Target>
			<Target title="Release">
				<Option output="bin/Release/tracker" prefix_auto="1" extension_auto="1" />
				<Option object_output="obj/Release/" />
				<Option type="1" />
				<Option compiler="gcc" />
				<Compiler>
					<Add option="-O2" />
				</Compiler>
				<Linker>
					<Add option="-s" />
				</Linker>
			</Target>
		</Build>
		<Compiler>
			<Add option="-Wall" />
			<Add option="-fexceptions" />
		</Compiler>
		<Linker>
			<Add option="-lpthread" />
		</Linker>
		<Unit filename="AnswerQueue.cpp" />
		<Unit filename="AnswerQueue.hpp" />
		<Unit filename="Client.cpp" />
		<Unit filename="Client.hpp" />
		<Unit filename="ClientKnowledgeBase.cpp" />
		<Unit filename="ClientKnowledgeBase.hpp" />
		<Unit filename="Defines.hpp" />
		<Unit filename="File.cpp" />
		<Unit filename="File.hpp" />
		<Unit filename="KnowledgeBase.cpp" />
		<Unit filename="KnowledgeBase.hpp" />
		<Unit filename="NetworkTranslator.cpp" />
		<Unit filename="NetworkTranslator.hpp" />
		<Unit filename="Opcode.hpp" />
		<Unit filename="Operation.cpp" />
		<Unit filename="Operation.hpp" />
		<Unit filename="OperationQueue.cpp" />
		<Unit filename="OperationQueue.hpp" />
		<Unit filename="Packets/ACKPacket.cpp" />
		<Unit filename="Packets/ACKPacket.hpp" />
		<Unit filename="Packets/AlivePacket.cpp" />
		<Unit filename="Packets/AlivePacket.hpp" />
		<Unit filename="Packets/DataPacket.cpp" />
		<Unit filename="Packets/DataPacket.hpp" />
		<Unit filename="Packets/FileAnswerPacket.cpp" />
		<Unit filename="Packets/FileAnswerPacket.hpp" />
		<Unit filename="Packets/FileRequestPacket.cpp" />
		<Unit filename="Packets/FileRequestPacket.hpp" />
		<Unit filename="Packets/FileUpdatePacket.cpp" />
		<Unit filename="Packets/FileUpdatePacket.hpp" />
		<Unit filename="Packets/IPacket.hpp" />
		<Unit filename="Packets/RRQPacket.cpp" />
		<Unit filename="Packets/RRQPacket.hpp" />
		<Unit filename="Packets/WRQPacket.cpp" />
		<Unit filename="Packets/WRQPacket.hpp" />
		<Unit filename="SocketUDP.cpp" />
		<Unit filename="SocketUDP.hpp" />
		<Unit filename="Thread.cpp" />
		<Unit filename="Thread.hpp" />
		<Unit filename="main.cpp" />
		<Extensions>
			<code_completion />
			<debugger />
			<envvars />
		</Extensions>
	</Project>
</CodeBlocks_project_file>
